
Microsoft Visual Studio Solution File, Format Version 12.00
# Visual Studio 15
VisualStudioVersion = 15.0.26124.0
MinimumVisualStudioVersion = 15.0.26124.0
Project("{FAE04EC0-301F-11D3-BF4B-00C04F79EFBC}") = "Gunz", "Gunz\Gunz.csproj", "{DF57019E-8F27-4D2E-B4F3-8A9B1E71F2C7}"
EndProject
Project("{FAE04EC0-301F-11D3-BF4B-00C04F79EFBC}") = "Test", "Test\Test.csproj", "{77FBD2D3-7472-4E27-AD1E-F6268DD804B6}"
EndProject
Global
	GlobalSection(SolutionConfigurationPlatforms) = preSolution
		Debug|Any CPU = Debug|Any CPU
		Debug|x64 = Debug|x64
		Debug|x86 = Debug|x86
		Release|Any CPU = Release|Any CPU
		Release|x64 = Release|x64
		Release|x86 = Release|x86
	EndGlobalSection
	GlobalSection(SolutionProperties) = preSolution
		HideSolutionNode = FALSE
	EndGlobalSection
	GlobalSection(ProjectConfigurationPlatforms) = postSolution
		{DF57019E-8F27-4D2E-B4F3-8A9B1E71F2C7}.Debug|Any CPU.ActiveCfg = Debug|Any CPU
		{DF57019E-8F27-4D2E-B4F3-8A9B1E71F2C7}.Debug|Any CPU.Build.0 = Debug|Any CPU
		{DF57019E-8F27-4D2E-B4F3-8A9B1E71F2C7}.Debug|x64.ActiveCfg = Debug|Any CPU
		{DF57019E-8F27-4D2E-B4F3-8A9B1E71F2C7}.Debug|x64.Build.0 = Debug|Any CPU
		{DF57019E-8F27-4D2E-B4F3-8A9B1E71F2C7}.Debug|x86.ActiveCfg = Debug|Any CPU
		{DF57019E-8F27-4D2E-B4F3-8A9B1E71F2C7}.Debug|x86.Build.0 = Debug|Any CPU
		{DF57019E-8F27-4D2E-B4F3-8A9B1E71F2C7}.Release|Any CPU.ActiveCfg = Release|Any CPU
		{DF57019E-8F27-4D2E-B4F3-8A9B1E71F2C7}.Release|Any CPU.Build.0 = Release|Any CPU
		{DF57019E-8F27-4D2E-B4F3-8A9B1E71F2C7}.Release|x64.ActiveCfg = Release|Any CPU
		{DF57019E-8F27-4D2E-B4F3-8A9B1E71F2C7}.Release|x64.Build.0 = Release|Any CPU
		{DF57019E-8F27-4D2E-B4F3-8A9B1E71F2C7}.Release|x86.ActiveCfg = Release|Any CPU
		{DF57019E-8F27-4D2E-B4F3-8A9B1E71F2C7}.Release|x86.Build.0 = Release|Any CPU
		{77FBD2D3-7472-4E27-AD1E-F6268DD804B6}.Debug|Any CPU.ActiveCfg = Debug|Any CPU
		{77FBD2D3-7472-4E27-AD1E-F6268DD804B6}.Debug|Any CPU.Build.0 = Debug|Any CPU
		{77FBD2D3-7472-4E27-AD1E-F6268DD804B6}.Debug|x64.ActiveCfg = Debug|Any CPU
		{77FBD2D3-7472-4E27-AD1E-F6268DD804B6}.Debug|x64.Build.0 = Debug|Any CPU
		{77FBD2D3-7472-4E27-AD1E-F6268DD804B6}.Debug|x86.ActiveCfg = Debug|Any CPU
		{77FBD2D3-7472-4E27-AD1E-F6268DD804B6}.Debug|x86.Build.0 = Debug|Any CPU
		{77FBD2D3-7472-4E27-AD1E-F6268DD804B6}.Release|Any CPU.ActiveCfg = Release|Any CPU
		{77FBD2D3-7472-4E27-AD1E-F6268DD804B6}.Release|Any CPU.Build.0 = Release|Any CPU
		{77FBD2D3-7472-4E27-AD1E-F6268DD804B6}.Release|x64.ActiveCfg = Release|Any CPU
		{77FBD2D3-7472-4E27-AD1E-F6268DD804B6}.Release|x64.Build.0 = Release|Any CPU
		{77FBD2D3-7472-4E27-AD1E-F6268DD804B6}.Release|x86.ActiveCfg = Release|Any CPU
		{77FBD2D3-7472-4E27-AD1E-F6268DD804B6}.Release|x86.Build.0 = Release|Any CPU
	EndGlobalSection
EndGlobal
